<?xml version="1.0" encoding="UTF-8"?>
<Project ToolsVersion="15.0" xmlns="http://schemas.microsoft.com/developer/msbuild/2003">
  <ItemGroup>
    <ClCompile Include="D:\workplace\github\renderer\src\camera.cpp">
      <Filter>Source Files</Filter>
    </ClCompile>
    <ClCompile Include="D:\workplace\github\renderer\src\com\bbox.cpp">
      <Filter>Source Files</Filter>
    </ClCompile>
    <ClCompile Include="D:\workplace\github\renderer\src\com\color.cpp">
      <Filter>Source Files</Filter>
    </ClCompile>
    <ClCompile Include="D:\workplace\github\renderer\src\com\geometry.cpp">
      <Filter>Source Files</Filter>
    </ClCompile>
    <ClCompile Include="D:\workplace\github\renderer\src\com\shaderCom.cpp">
      <Filter>Source Files</Filter>
    </ClCompile>
    <ClCompile Include="D:\workplace\github\renderer\src\com\transform.cpp">
      <Filter>Source Files</Filter>
    </ClCompile>
    <ClCompile Include="D:\workplace\github\renderer\src\film.cpp">
      <Filter>Source Files</Filter>
    </ClCompile>
    <ClCompile Include="D:\workplace\github\renderer\src\intersect_result.cpp">
      <Filter>Source Files</Filter>
    </ClCompile>
    <ClCompile Include="D:\workplace\github\renderer\src\light.cpp">
      <Filter>Source Files</Filter>
    </ClCompile>
    <ClCompile Include="D:\workplace\github\renderer\src\main.cpp">
      <Filter>Source Files</Filter>
    </ClCompile>
    <ClCompile Include="D:\workplace\github\renderer\src\main_ecs.cpp">
      <Filter>Source Files</Filter>
    </ClCompile>
    <ClCompile Include="D:\workplace\github\renderer\src\main_raytrace.cpp">
      <Filter>Source Files</Filter>
    </ClCompile>
    <ClCompile Include="D:\workplace\github\renderer\src\material.cpp">
      <Filter>Source Files</Filter>
    </ClCompile>
    <ClCompile Include="D:\workplace\github\renderer\src\parser.cpp">
      <Filter>Source Files</Filter>
    </ClCompile>
    <ClCompile Include="D:\workplace\github\renderer\src\ray.cpp">
      <Filter>Source Files</Filter>
    </ClCompile>
    <ClCompile Include="D:\workplace\github\renderer\src\raytracer.cpp">
      <Filter>Source Files</Filter>
    </ClCompile>
    <ClCompile Include="D:\workplace\github\renderer\src\realtime\buffermgr.cpp">
      <Filter>Source Files</Filter>
    </ClCompile>
    <ClCompile Include="D:\workplace\github\renderer\src\realtime\context.cpp">
      <Filter>Source Files</Filter>
    </ClCompile>
    <ClCompile Include="D:\workplace\github\renderer\src\realtime\shadermgr.cpp">
      <Filter>Source Files</Filter>
    </ClCompile>
    <ClCompile Include="D:\workplace\github\renderer\src\realtime\texturemgr.cpp">
      <Filter>Source Files</Filter>
    </ClCompile>
    <ClCompile Include="D:\workplace\github\renderer\src\renderQueue.cpp">
      <Filter>Source Files</Filter>
    </ClCompile>
    <ClCompile Include="D:\workplace\github\renderer\src\shape.cpp">
      <Filter>Source Files</Filter>
    </ClCompile>
    <ClCompile Include="D:\workplace\github\renderer\src\shapes\bvh.cpp">
      <Filter>Source Files</Filter>
    </ClCompile>
    <ClCompile Include="D:\workplace\github\renderer\src\shapes\mesh.cpp">
      <Filter>Source Files</Filter>
    </ClCompile>
    <ClCompile Include="D:\workplace\github\renderer\src\shapes\plane.cpp">
      <Filter>Source Files</Filter>
    </ClCompile>
    <ClCompile Include="D:\workplace\github\renderer\src\shapes\sphere.cpp">
      <Filter>Source Files</Filter>
    </ClCompile>
    <ClCompile Include="D:\workplace\github\renderer\src\shapes\union.cpp">
      <Filter>Source Files</Filter>
    </ClCompile>
    <ClCompile Include="D:\workplace\github\renderer\src\system\bufferSys.cpp">
      <Filter>Source Files</Filter>
    </ClCompile>
    <ClCompile Include="D:\workplace\github\renderer\src\system\cameraSys.cpp">
      <Filter>Source Files</Filter>
    </ClCompile>
    <ClCompile Include="D:\workplace\github\renderer\src\system\configSys.cpp">
      <Filter>Source Files</Filter>
    </ClCompile>
    <ClCompile Include="D:\workplace\github\renderer\src\system\envSys.cpp">
      <Filter>Source Files</Filter>
    </ClCompile>
    <ClCompile Include="D:\workplace\github\renderer\src\system\lightSys.cpp">
      <Filter>Source Files</Filter>
    </ClCompile>
    <ClCompile Include="D:\workplace\github\renderer\src\system\loaderSys.cpp">
      <Filter>Source Files</Filter>
    </ClCompile>
    <ClCompile Include="D:\workplace\github\renderer\src\system\materialSys.cpp">
      <Filter>Source Files</Filter>
    </ClCompile>
    <ClCompile Include="D:\workplace\github\renderer\src\system\motionSys.cpp">
      <Filter>Source Files</Filter>
    </ClCompile>
    <ClCompile Include="D:\workplace\github\renderer\src\system\renderSys.cpp">
      <Filter>Source Files</Filter>
    </ClCompile>
    <ClCompile Include="D:\workplace\github\renderer\src\system\shaderSys.cpp">
      <Filter>Source Files</Filter>
    </ClCompile>
    <ClCompile Include="D:\workplace\github\renderer\src\system\spatialSys.cpp">
      <Filter>Source Files</Filter>
    </ClCompile>
    <ClCompile Include="D:\workplace\github\renderer\src\system\textureSys.cpp">
      <Filter>Source Files</Filter>
    </ClCompile>
    <ClCompile Include="D:\workplace\github\renderer\src\system\uiSys.cpp">
      <Filter>Source Files</Filter>
    </ClCompile>
    <ClCompile Include="D:\workplace\github\renderer\src\utils\defines.cpp">
      <Filter>Source Files</Filter>
    </ClCompile>
    <ClCompile Include="D:\workplace\github\renderer\src\utils\profiler.cpp">
      <Filter>Source Files</Filter>
    </ClCompile>
    <ClCompile Include="D:\workplace\github\renderer\external\GL\gl3w.c">
      <Filter>Source Files</Filter>
    </ClCompile>
  </ItemGroup>
  <ItemGroup>
    <CustomBuild Include="D:\workplace\github\renderer\CMakeLists.txt" />
  </ItemGroup>
  <ItemGroup>
    <None Include="D:\workplace\github\renderer" />
  </ItemGroup>
  <ItemGroup>
    <Filter Include="Source Files">
      <UniqueIdentifier>{5E329BD2-4C4A-36DE-A5BE-7EB7C4D521DA}</UniqueIdentifier>
    </Filter>
  </ItemGroup>
</Project>
