<?xml version="1.0" encoding="utf-8"?>
<Project ToolsVersion="15.0" xmlns="http://schemas.microsoft.com/developer/msbuild/2003">
  <ItemGroup>
    <ClCompile Include="D:\workplace\github\renderer\src\camera.cpp">
      <Filter>Source Files</Filter>
    </ClCompile>
    <ClCompile Include="D:\workplace\github\renderer\src\film.cpp">
      <Filter>Source Files</Filter>
    </ClCompile>
    <ClCompile Include="D:\workplace\github\renderer\src\intersect_result.cpp">
      <Filter>Source Files</Filter>
    </ClCompile>
    <ClCompile Include="D:\workplace\github\renderer\src\light.cpp">
      <Filter>Source Files</Filter>
    </ClCompile>
    <ClCompile Include="D:\workplace\github\renderer\src\material.cpp">
      <Filter>Source Files</Filter>
    </ClCompile>
    <ClCompile Include="D:\workplace\github\renderer\src\parser.cpp">
      <Filter>Source Files</Filter>
    </ClCompile>
    <ClCompile Include="D:\workplace\github\renderer\src\ray.cpp">
      <Filter>Source Files</Filter>
    </ClCompile>
    <ClCompile Include="D:\workplace\github\renderer\src\raytracer.cpp">
      <Filter>Source Files</Filter>
    </ClCompile>
    <ClCompile Include="D:\workplace\github\renderer\src\realtime\buffermgr.cpp">
      <Filter>Source Files</Filter>
    </ClCompile>
    <ClCompile Include="D:\workplace\github\renderer\src\realtime\context.cpp">
      <Filter>Source Files</Filter>
    </ClCompile>
    <ClCompile Include="D:\workplace\github\renderer\src\realtime\shadermgr.cpp">
      <Filter>Source Files</Filter>
    </ClCompile>
    <ClCompile Include="D:\workplace\github\renderer\src\realtime\texturemgr.cpp">
      <Filter>Source Files</Filter>
    </ClCompile>
    <ClCompile Include="D:\workplace\github\renderer\src\shape.cpp">
      <Filter>Source Files</Filter>
    </ClCompile>
    <ClCompile Include="D:\workplace\github\renderer\src\shapes\bvh.cpp">
      <Filter>Source Files</Filter>
    </ClCompile>
    <ClCompile Include="D:\workplace\github\renderer\src\shapes\mesh.cpp">
      <Filter>Source Files</Filter>
    </ClCompile>
    <ClCompile Include="D:\workplace\github\renderer\src\shapes\plane.cpp">
      <Filter>Source Files</Filter>
    </ClCompile>
    <ClCompile Include="D:\workplace\github\renderer\src\shapes\sphere.cpp">
      <Filter>Source Files</Filter>
    </ClCompile>
    <ClCompile Include="D:\workplace\github\renderer\src\shapes\union.cpp">
      <Filter>Source Files</Filter>
    </ClCompile>
    <ClCompile Include="D:\workplace\github\renderer\external\GL\gl3w.c">
      <Filter>Source Files</Filter>
    </ClCompile>
    <ClCompile Include="..\external\imgui.cpp" />
    <ClCompile Include="..\external\imgui_draw.cpp" />
    <ClCompile Include="..\external\imgui_impl_sdl_gl3.cpp" />
    <ClCompile Include="..\external\SOIL\image_DXT.c" />
    <ClCompile Include="..\external\SOIL\image_helper.c" />
    <ClCompile Include="..\external\SOIL\SOIL.c" />
    <ClCompile Include="..\external\SOIL\stb_image_aug.c" />
    <ClCompile Include="..\include\ecs\event.cpp" />
    <ClCompile Include="..\include\ecs\object.cpp" />
    <ClCompile Include="..\include\ecs\object_manager.cpp" />
    <ClCompile Include="..\include\ecs\system.cpp" />
    <ClCompile Include="..\include\ecs\test.cpp" />
    <ClCompile Include="..\src\com\bbox.cpp" />
    <ClCompile Include="..\src\com\color.cpp" />
    <ClCompile Include="..\src\com\geometry.cpp" />
    <ClCompile Include="..\src\com\shaderCom.cpp" />
    <ClCompile Include="..\src\com\transform.cpp" />
    <ClCompile Include="..\src\main.cpp" />
    <ClCompile Include="..\src\main_ecs.cpp" />
    <ClCompile Include="..\src\renderQueue.cpp" />
    <ClCompile Include="..\src\system\bufferSys.cpp" />
    <ClCompile Include="..\src\system\cameraSys.cpp" />
    <ClCompile Include="..\src\system\configSys.cpp" />
    <ClCompile Include="..\src\system\envSys.cpp" />
    <ClCompile Include="..\src\system\lightSys.cpp" />
    <ClCompile Include="..\src\system\loaderSys.cpp" />
    <ClCompile Include="..\src\system\materialSys.cpp" />
    <ClCompile Include="..\src\system\motionSys.cpp" />
    <ClCompile Include="..\src\system\renderSys.cpp" />
    <ClCompile Include="..\src\system\shaderSys.cpp" />
    <ClCompile Include="..\src\system\spatialSys.cpp" />
    <ClCompile Include="..\src\system\textureSys.cpp" />
    <ClCompile Include="..\src\system\uiSys.cpp" />
    <ClCompile Include="..\src\utils\defines.cpp" />
    <ClCompile Include="..\src\utils\profiler.cpp" />
    <ClCompile Include="..\src\com\matrix.cpp">
      <Filter>Source Files</Filter>
    </ClCompile>
  </ItemGroup>
  <ItemGroup>
    <CustomBuild Include="D:\workplace\github\renderer\CMakeLists.txt" />
  </ItemGroup>
  <ItemGroup>
    <None Include="D:\workplace\github\renderer" />
  </ItemGroup>
  <ItemGroup>
    <Filter Include="Source Files">
      <UniqueIdentifier>{5E329BD2-4C4A-36DE-A5BE-7EB7C4D521DA}</UniqueIdentifier>
    </Filter>
  </ItemGroup>
  <ItemGroup>
    <ClInclude Include="..\external\SOIL\image_DXT.h" />
    <ClInclude Include="..\external\SOIL\image_helper.h" />
    <ClInclude Include="..\external\SOIL\SOIL.h" />
    <ClInclude Include="..\external\SOIL\stbi_DDS_aug.h" />
    <ClInclude Include="..\external\SOIL\stbi_DDS_aug_c.h" />
    <ClInclude Include="..\external\SOIL\stb_image_aug.h" />
    <ClInclude Include="..\include\base.hpp" />
    <ClInclude Include="..\include\camera.hpp" />
    <ClInclude Include="..\include\catch.hpp" />
    <ClInclude Include="..\include\com\bbox.hpp" />
    <ClInclude Include="..\include\com\bufferCom.hpp" />
    <ClInclude Include="..\include\com\cameraCom.hpp" />
    <ClInclude Include="..\include\com\color.hpp" />
    <ClInclude Include="..\include\com\geometry.hpp" />
    <ClInclude Include="..\include\com\glcommon.hpp" />
    <ClInclude Include="..\include\com\keyState.hpp" />
    <ClInclude Include="..\include\com\lightCom.hpp" />
    <ClInclude Include="..\include\com\materialCom.hpp" />
    <ClInclude Include="..\include\com\matrix.hpp" />
    <ClInclude Include="..\include\com\mesh.hpp" />
    <ClInclude Include="..\include\com\meshes.hpp" />
    <ClInclude Include="..\include\com\miscCom.hpp" />
    <ClInclude Include="..\include\com\quaternion.hpp" />
    <ClInclude Include="..\include\com\renderMode.hpp" />
    <ClInclude Include="..\include\com\sdlContext.hpp" />
    <ClInclude Include="..\include\com\shader.hpp" />
    <ClInclude Include="..\include\com\spatialData.hpp" />
    <ClInclude Include="..\include\com\transform.hpp" />
    <ClInclude Include="..\include\com\vertex.hpp" />
    <ClInclude Include="..\include\curve.hpp" />
    <ClInclude Include="..\include\ecs\component_handle.hpp" />
    <ClInclude Include="..\include\ecs\ecs.hpp" />
    <ClInclude Include="..\include\ecs\event.hpp" />
    <ClInclude Include="..\include\ecs\event_builtin.hpp" />
    <ClInclude Include="..\include\ecs\manager.hpp" />
    <ClInclude Include="..\include\ecs\object.hpp" />
    <ClInclude Include="..\include\ecs\object_manager.hpp" />
    <ClInclude Include="..\include\ecs\setting.hpp" />
    <ClInclude Include="..\include\ecs\system.hpp" />
    <ClInclude Include="..\include\ecs\test.hpp" />
    <ClInclude Include="..\include\event\bufferEvent.hpp" />
    <ClInclude Include="..\include\event\lightEvent.hpp" />
    <ClInclude Include="..\include\event\materialEvent.hpp" />
    <ClInclude Include="..\include\event\miscEvent.hpp" />
    <ClInclude Include="..\include\event\renderEvent.hpp" />
    <ClInclude Include="..\include\event\shaderEvent.hpp" />
    <ClInclude Include="..\include\event\spatialEvent.hpp" />
    <ClInclude Include="..\include\event\textureEvent.hpp" />
    <ClInclude Include="..\include\event\winEvent.hpp" />
    <ClInclude Include="..\include\film.hpp" />
    <ClInclude Include="..\include\intersect_result.hpp" />
    <ClInclude Include="..\include\light.hpp" />
    <ClInclude Include="..\include\main_ecs.hpp" />
    <ClInclude Include="..\include\main_raytrace.hpp" />
    <ClInclude Include="..\include\main_realtime.hpp" />
    <ClInclude Include="..\include\material.hpp" />
    <ClInclude Include="..\include\parser.hpp" />
    <ClInclude Include="..\include\ray.hpp" />
    <ClInclude Include="..\include\raytracer.hpp" />
    <ClInclude Include="..\include\realtime\buffermgr.hpp" />
    <ClInclude Include="..\include\realtime\context.hpp" />
    <ClInclude Include="..\include\realtime\glutils.hpp" />
    <ClInclude Include="..\include\realtime\importer.hpp" />
    <ClInclude Include="..\include\realtime\model.hpp" />
    <ClInclude Include="..\include\realtime\renderer.hpp" />
    <ClInclude Include="..\include\realtime\shadermgr.hpp" />
    <ClInclude Include="..\include\realtime\textmgr.hpp" />
    <ClInclude Include="..\include\realtime\texturemgr.hpp" />
    <ClInclude Include="..\include\renderQueue.hpp" />
    <ClInclude Include="..\include\sdf.hpp" />
    <ClInclude Include="..\include\shape.hpp" />
    <ClInclude Include="..\include\shapes\bvh.hpp" />
    <ClInclude Include="..\include\shapes\mesh.hpp" />
    <ClInclude Include="..\include\shapes\plane.hpp" />
    <ClInclude Include="..\include\shapes\sphere.hpp" />
    <ClInclude Include="..\include\shapes\union.hpp" />
    <ClInclude Include="..\include\system\bufferSys.hpp" />
    <ClInclude Include="..\include\system\cameraSys.hpp" />
    <ClInclude Include="..\include\system\configSys.hpp" />
    <ClInclude Include="..\include\system\envSys.hpp" />
    <ClInclude Include="..\include\system\lightSys.hpp" />
    <ClInclude Include="..\include\system\loaderSys.hpp" />
    <ClInclude Include="..\include\system\materialSys.hpp" />
    <ClInclude Include="..\include\system\motionSys.hpp" />
    <ClInclude Include="..\include\system\renderSys.hpp" />
    <ClInclude Include="..\include\system\shaderSys.hpp" />
    <ClInclude Include="..\include\system\spatialSys.hpp" />
    <ClInclude Include="..\include\system\textureSys.hpp" />
    <ClInclude Include="..\include\transform.hpp" />
    <ClInclude Include="..\include\utils\defines.hpp" />
    <ClInclude Include="..\include\utils\draw.hpp" />
    <ClInclude Include="..\include\utils\error.hpp" />
    <ClInclude Include="..\include\utils\helper.hpp" />
    <ClInclude Include="..\include\utils\MemoryPool.hpp" />
    <ClInclude Include="..\include\utils\profiler.hpp" />
  </ItemGroup>
</Project>